
Microsoft Visual Studio Solution File, Format Version 12.00
# Visual Studio Version 16
VisualStudioVersion = 16.0.32510.428
MinimumVisualStudioVersion = 10.0.40219.1
Project("{FAE04EC0-301F-11D3-BF4B-00C04F79EFBC}") = "ConsoleApp12", "ConsoleApp12\ConsoleApp12.csproj", "{D26E6076-5EDA-408D-B62A-F68DE1DFE771}"
EndProject
Global
	GlobalSection(SolutionConfigurationPlatforms) = preSolution
		Debug|Any CPU = Debug|Any CPU
		Release|Any CPU = Release|Any CPU
	EndGlobalSection
	GlobalSection(ProjectConfigurationPlatforms) = postSolution
		{D26E6076-5EDA-408D-B62A-F68DE1DFE771}.Debug|Any CPU.ActiveCfg = Debug|Any CPU
		{D26E6076-5EDA-408D-B62A-F68DE1DFE771}.Debug|Any CPU.Build.0 = Debug|Any CPU
		{D26E6076-5EDA-408D-B62A-F68DE1DFE771}.Release|Any CPU.ActiveCfg = Release|Any CPU
		{D26E6076-5EDA-408D-B62A-F68DE1DFE771}.Release|Any CPU.Build.0 = Release|Any CPU
	EndGlobalSection
	GlobalSection(SolutionProperties) = preSolution
		HideSolutionNode = FALSE
	EndGlobalSection
	GlobalSection(ExtensibilityGlobals) = postSolution
		SolutionGuid = {DA9386E8-CAA9-483B-9691-D6DBC075E731}
	EndGlobalSection
EndGlobal
