
Microsoft Visual Studio Solution File, Format Version 12.00
# Visual Studio Version 16
VisualStudioVersion = 16.0.32510.428
MinimumVisualStudioVersion = 10.0.40219.1
Project("{FAE04EC0-301F-11D3-BF4B-00C04F79EFBC}") = "ConsoleApp13", "ConsoleApp13\ConsoleApp13.csproj", "{AC5D75A8-62C3-40E6-A972-8BC79E534C63}"
EndProject
Global
	GlobalSection(SolutionConfigurationPlatforms) = preSolution
		Debug|Any CPU = Debug|Any CPU
		Release|Any CPU = Release|Any CPU
	EndGlobalSection
	GlobalSection(ProjectConfigurationPlatforms) = postSolution
		{AC5D75A8-62C3-40E6-A972-8BC79E534C63}.Debug|Any CPU.ActiveCfg = Debug|Any CPU
		{AC5D75A8-62C3-40E6-A972-8BC79E534C63}.Debug|Any CPU.Build.0 = Debug|Any CPU
		{AC5D75A8-62C3-40E6-A972-8BC79E534C63}.Release|Any CPU.ActiveCfg = Release|Any CPU
		{AC5D75A8-62C3-40E6-A972-8BC79E534C63}.Release|Any CPU.Build.0 = Release|Any CPU
	EndGlobalSection
	GlobalSection(SolutionProperties) = preSolution
		HideSolutionNode = FALSE
	EndGlobalSection
	GlobalSection(ExtensibilityGlobals) = postSolution
		SolutionGuid = {3187F971-DE1E-4D37-9E20-F22FCC858E67}
	EndGlobalSection
EndGlobal
